
Microsoft Visual Studio Solution File, Format Version 12.00
# Visual Studio Version 17
VisualStudioVersion = 17.5.002.0
MinimumVisualStudioVersion = 10.0.40219.1
Project("{9A19103F-16F7-4668-BE54-9A1E7A4F7556}") = "robosync-app", "robosync-app.csproj", "{FD79D668-A9ED-4F60-A72E-47F53D2888CE}"
EndProject
Global
	GlobalSection(SolutionConfigurationPlatforms) = preSolution
		Debug|Any CPU = Debug|Any CPU
		Release|Any CPU = Release|Any CPU
	EndGlobalSection
	GlobalSection(ProjectConfigurationPlatforms) = postSolution
		{FD79D668-A9ED-4F60-A72E-47F53D2888CE}.Debug|Any CPU.ActiveCfg = Debug|Any CPU
		{FD79D668-A9ED-4F60-A72E-47F53D2888CE}.Debug|Any CPU.Build.0 = Debug|Any CPU
		{FD79D668-A9ED-4F60-A72E-47F53D2888CE}.Release|Any CPU.ActiveCfg = Release|Any CPU
		{FD79D668-A9ED-4F60-A72E-47F53D2888CE}.Release|Any CPU.Build.0 = Release|Any CPU
	EndGlobalSection
	GlobalSection(SolutionProperties) = preSolution
		HideSolutionNode = FALSE
	EndGlobalSection
	GlobalSection(ExtensibilityGlobals) = postSolution
		SolutionGuid = {3690F847-571C-4280-A2F1-774D1295FAF0}
	EndGlobalSection
EndGlobal
